
Microsoft Visual Studio Solution File, Format Version 12.00
# Visual Studio Version 16
VisualStudioVersion = 16.0.31729.503
MinimumVisualStudioVersion = 10.0.40219.1
Project("{151D2E53-A2C4-4D7D-83FE-D05416EBD58E}") = "krishna-poc", "krishna-poc\krishna-poc.deployproj", "{A211807E-8EA7-4AEA-8850-36F3F842F2DF}"
EndProject
Global
	GlobalSection(SolutionConfigurationPlatforms) = preSolution
		Debug|Any CPU = Debug|Any CPU
		Release|Any CPU = Release|Any CPU
	EndGlobalSection
	GlobalSection(ProjectConfigurationPlatforms) = postSolution
		{A211807E-8EA7-4AEA-8850-36F3F842F2DF}.Debug|Any CPU.ActiveCfg = Debug|Any CPU
		{A211807E-8EA7-4AEA-8850-36F3F842F2DF}.Debug|Any CPU.Build.0 = Debug|Any CPU
		{A211807E-8EA7-4AEA-8850-36F3F842F2DF}.Release|Any CPU.ActiveCfg = Release|Any CPU
		{A211807E-8EA7-4AEA-8850-36F3F842F2DF}.Release|Any CPU.Build.0 = Release|Any CPU
	EndGlobalSection
	GlobalSection(SolutionProperties) = preSolution
		HideSolutionNode = FALSE
	EndGlobalSection
	GlobalSection(ExtensibilityGlobals) = postSolution
		SolutionGuid = {6321EA9B-15B4-4EF2-A76A-3FC6DCCBE48F}
	EndGlobalSection
EndGlobal
